
Microsoft Visual Studio Solution File, Format Version 12.00
# Visual Studio Version 17
VisualStudioVersion = 17.8.34316.72
MinimumVisualStudioVersion = 10.0.40219.1
Project("{8BC9CEB8-8B4A-11D0-8D11-00A0C91BC942}") = "SERVER", "SERVER\SERVER.vcxproj", "{5DEB1055-F7E6-422E-858E-6AF20A9230AE}"
EndProject
Project("{8BC9CEB8-8B4A-11D0-8D11-00A0C91BC942}") = "CLIENT", "CLIENT\CLIENT.vcxproj", "{C74D2347-980B-4CF2-AAE9-5FA3A2356184}"
EndProject
Global
	GlobalSection(SolutionConfigurationPlatforms) = preSolution
		Debug|x64 = Debug|x64
		Debug|x86 = Debug|x86
		Release|x64 = Release|x64
		Release|x86 = Release|x86
	EndGlobalSection
	GlobalSection(ProjectConfigurationPlatforms) = postSolution
		{5DEB1055-F7E6-422E-858E-6AF20A9230AE}.Debug|x64.ActiveCfg = Debug|x64
		{5DEB1055-F7E6-422E-858E-6AF20A9230AE}.Debug|x64.Build.0 = Debug|x64
		{5DEB1055-F7E6-422E-858E-6AF20A9230AE}.Debug|x86.ActiveCfg = Debug|Win32
		{5DEB1055-F7E6-422E-858E-6AF20A9230AE}.Debug|x86.Build.0 = Debug|Win32
		{5DEB1055-F7E6-422E-858E-6AF20A9230AE}.Release|x64.ActiveCfg = Release|x64
		{5DEB1055-F7E6-422E-858E-6AF20A9230AE}.Release|x64.Build.0 = Release|x64
		{5DEB1055-F7E6-422E-858E-6AF20A9230AE}.Release|x86.ActiveCfg = Release|Win32
		{5DEB1055-F7E6-422E-858E-6AF20A9230AE}.Release|x86.Build.0 = Release|Win32
		{C74D2347-980B-4CF2-AAE9-5FA3A2356184}.Debug|x64.ActiveCfg = Debug|x64
		{C74D2347-980B-4CF2-AAE9-5FA3A2356184}.Debug|x64.Build.0 = Debug|x64
		{C74D2347-980B-4CF2-AAE9-5FA3A2356184}.Debug|x86.ActiveCfg = Debug|Win32
		{C74D2347-980B-4CF2-AAE9-5FA3A2356184}.Debug|x86.Build.0 = Debug|Win32
		{C74D2347-980B-4CF2-AAE9-5FA3A2356184}.Release|x64.ActiveCfg = Release|x64
		{C74D2347-980B-4CF2-AAE9-5FA3A2356184}.Release|x64.Build.0 = Release|x64
		{C74D2347-980B-4CF2-AAE9-5FA3A2356184}.Release|x86.ActiveCfg = Release|Win32
		{C74D2347-980B-4CF2-AAE9-5FA3A2356184}.Release|x86.Build.0 = Release|Win32
	EndGlobalSection
	GlobalSection(SolutionProperties) = preSolution
		HideSolutionNode = FALSE
	EndGlobalSection
	GlobalSection(ExtensibilityGlobals) = postSolution
		SolutionGuid = {6C491E33-FFF6-4E38-B99B-2438C81CB357}
	EndGlobalSection
EndGlobal
